
Microsoft Visual Studio Solution File, Format Version 12.00
# Visual Studio Version 16
VisualStudioVersion = 16.0.30611.23
MinimumVisualStudioVersion = 10.0.40219.1
Project("{FAE04EC0-301F-11D3-BF4B-00C04F79EFBC}") = "ChatTin", "ChatTin\ChatTin.csproj", "{6BC386CF-160E-4C18-80F6-B7958AB9700A}"
EndProject
Global
	GlobalSection(SolutionConfigurationPlatforms) = preSolution
		Debug|Any CPU = Debug|Any CPU
		Release|Any CPU = Release|Any CPU
	EndGlobalSection
	GlobalSection(ProjectConfigurationPlatforms) = postSolution
		{6BC386CF-160E-4C18-80F6-B7958AB9700A}.Debug|Any CPU.ActiveCfg = Debug|Any CPU
		{6BC386CF-160E-4C18-80F6-B7958AB9700A}.Debug|Any CPU.Build.0 = Debug|Any CPU
		{6BC386CF-160E-4C18-80F6-B7958AB9700A}.Release|Any CPU.ActiveCfg = Release|Any CPU
		{6BC386CF-160E-4C18-80F6-B7958AB9700A}.Release|Any CPU.Build.0 = Release|Any CPU
	EndGlobalSection
	GlobalSection(SolutionProperties) = preSolution
		HideSolutionNode = FALSE
	EndGlobalSection
	GlobalSection(ExtensibilityGlobals) = postSolution
		SolutionGuid = {4171A9DF-AC28-48C3-AEAA-C675242788CB}
	EndGlobalSection
EndGlobal
